{
  "pins" : [
    {
      "identity" : "item-navigator",
      "kind" : "remoteSourceControl",
      "location" : "https://github.com/shvets/item-navigator",
      "state" : {
        "revision" : "81cad4adcec21d629b7f169a9e1aca4468502d48",
        "version" : "1.0.8"
      }
    }
  ],
  "version" : 2
}
